{
  "version": "2",
  "remote": {
    "https://deno.land/std@0.190.0/_util/asserts.ts": "178dfc49a464aee693a7e285567b3d0b555dc805ff490505a8aae34f9cfb1462",
    "https://deno.land/std@0.190.0/async/abortable.ts": "fd682fa46f3b7b16b4606a5ab52a7ce309434b76f820d3221bdfb862719a15d7",
    "https://deno.land/std@0.190.0/async/deadline.ts": "58f72a3cc0fcb731b2cc055ba046f4b5be3349ff6bf98f2e793c3b969354aab2",
    "https://deno.land/std@0.190.0/async/debounce.ts": "adab11d04ca38d699444ac8a9d9856b4155e8dda2afd07ce78276c01ea5a4332",
    "https://deno.land/std@0.190.0/async/deferred.ts": "42790112f36a75a57db4a96d33974a936deb7b04d25c6084a9fa8a49f135def8",
    "https://deno.land/std@0.190.0/async/delay.ts": "73aa04cec034c84fc748c7be49bb15cac3dd43a57174bfdb7a4aec22c248f0dd",
    "https://deno.land/std@0.190.0/async/mod.ts": "f04344fa21738e5ad6bea37a6bfffd57c617c2d372bb9f9dcfd118a1b622e576",
    "https://deno.land/std@0.190.0/async/mux_async_iterator.ts": "70c7f2ee4e9466161350473ad61cac0b9f115cff4c552eaa7ef9d50c4cbb4cc9",
    "https://deno.land/std@0.190.0/async/pool.ts": "f1b8d3df4d7fd3c73f8cbc91cc2e8b8e950910f1eab94230b443944d7584c657",
    "https://deno.land/std@0.190.0/async/retry.ts": "c9248325ec08cc2cceb7618472e77589a51a25cee460e07b6096be34966c2ead",
    "https://deno.land/std@0.190.0/async/tee.ts": "47e42d35f622650b02234d43803d0383a89eb4387e1b83b5a40106d18ae36757",
    "https://deno.land/std@0.190.0/http/server.ts": "1b23463b5b36e4eebc495417f6af47a6f7d52e3294827a1226d2a1aab23d9d20",
    "https://deno.land/x/fun@v.2.0.0-alpha.11/alt.ts": "b61816a6a848b40eb40ec4548c4c00496dbc8df5f25d2e49fb35164fbd2d3ca3",
    "https://deno.land/x/fun@v.2.0.0-alpha.11/applicative.ts": "123483ae07379c29784a1a254b05c35ba50f3091f121a3257c03592d181bcb99",
    "https://deno.land/x/fun@v.2.0.0-alpha.11/apply.ts": "e2349f7b784525ecbad506325e106916c5290f1c65ef879dbf8ced5d3ed94858",
    "https://deno.land/x/fun@v.2.0.0-alpha.11/array.ts": "c956487a5a4948709b97642dd742f3bf32a88dc834f995f866fae5984064f525",
    "https://deno.land/x/fun@v.2.0.0-alpha.11/async.ts": "ee671c88072278e81c59e337beec09644da84e80bd30cccabd2417ad52bd123a",
    "https://deno.land/x/fun@v.2.0.0-alpha.11/async_either.ts": "963289c61a8ae4156b1511962a682d944ffc5b64b6f843c6d21d99c1d1b2d14e",
    "https://deno.land/x/fun@v.2.0.0-alpha.11/async_iterable.ts": "adc25e2b00a9d812a6b71d5d9b6e5af924997530cf0d101fa2803413ce5f591e",
    "https://deno.land/x/fun@v.2.0.0-alpha.11/bifunctor.ts": "514c39b7d64829b0f0623532aed1cb798bd87195b16f2998c11f0f13784347f0",
    "https://deno.land/x/fun@v.2.0.0-alpha.11/boolean.ts": "bf071b21fe7365b59c8230b6aad82521cf825b804aa70d3150f385216099e351",
    "https://deno.land/x/fun@v.2.0.0-alpha.11/category.ts": "3bfe48095def1826d188d2574749bf02e419e3c9c21c95ac5c57ea93ef4d3cbf",
    "https://deno.land/x/fun@v.2.0.0-alpha.11/chain.ts": "73903ea7542ba84d71c8c77b68e51fad66dbc9dba66d98ebfe039888811f5cab",
    "https://deno.land/x/fun@v.2.0.0-alpha.11/comonad.ts": "7afff3dd7228143293ceb3324b18a5a2aebb90698f68199971557d3c8e272e09",
    "https://deno.land/x/fun@v.2.0.0-alpha.11/const.ts": "69b2fa8f19176099279c6cb834412e1750afa1a492fee3a3e2a68a2882211ff1",
    "https://deno.land/x/fun@v.2.0.0-alpha.11/contravariant.ts": "cbab76a4b3f30e4f962ca0e261180f957dc3a6065ad8ef2d58430306ebf92817",
    "https://deno.land/x/fun@v.2.0.0-alpha.11/decoder.ts": "0073470624aedb0fd91d35d1590c817b285dbfc74221369cf5635fadfeb89f3a",
    "https://deno.land/x/fun@v.2.0.0-alpha.11/either.ts": "4d9717b62304497f08a2d4a40e86dc2918c715c15f00f2bef7621e403983e31d",
    "https://deno.land/x/fun@v.2.0.0-alpha.11/eq.ts": "f7e2cd854267c1f3de23f3a21a2b2687f5e08130b5d0327fe2cee3c4d2446f8f",
    "https://deno.land/x/fun@v.2.0.0-alpha.11/extend.ts": "05716a9e32a6bad4730d0c2df77d762746832344071c050b570618fc881324d3",
    "https://deno.land/x/fun@v.2.0.0-alpha.11/filterable.ts": "e276588c8dce77054d60210e2d7a3a1d59b90bb859d697dc5387f1b7642c0a62",
    "https://deno.land/x/fun@v.2.0.0-alpha.11/fn.ts": "8f8f7ea874f44da8e6e39bba73bd0ca1ba45c98f0dcdcaa69c813630131691e5",
    "https://deno.land/x/fun@v.2.0.0-alpha.11/fn_either.ts": "01b495a7ead89d0e67c9fd099d088429b66972675ada19446e7737b862511512",
    "https://deno.land/x/fun@v.2.0.0-alpha.11/foldable.ts": "fd35ffe77b94b57f2a4dd9012f36890cd45340c3daa57a0fde31fe3b1b080ce1",
    "https://deno.land/x/fun@v.2.0.0-alpha.11/free.ts": "3e6ed9301da88b2ee4151c0398f79ccd4b6f57d4e87a921c8ce77f9d7b92a614",
    "https://deno.land/x/fun@v.2.0.0-alpha.11/functor.ts": "9a6335138f79a7f7c5a83fdf8bc5ed7cc2018cf2be4bf3785a9b2b5f1103734c",
    "https://deno.land/x/fun@v.2.0.0-alpha.11/group.ts": "712560afcdb37dc7b8ebe05ceef94c08c0bc9fbf77ec90d49b7fc2c7fbc051b9",
    "https://deno.land/x/fun@v.2.0.0-alpha.11/identity.ts": "8fb27cf2e34918780835ebfbfbb897338cc2cc1a5e5034c22b6d5257320ec9d0",
    "https://deno.land/x/fun@v.2.0.0-alpha.11/iterable.ts": "35f7f6608766ba45a26d8dd2f5c098c2eea9a6ef9b2d9abaf433bffd4ea654c3",
    "https://deno.land/x/fun@v.2.0.0-alpha.11/json_schema.ts": "3751182479d1889de89a25628dcbba321ae0c00647494d064617f41f40c4ca45",
    "https://deno.land/x/fun@v.2.0.0-alpha.11/kind.ts": "4f40ff5083c762bf8e93f2138d6d30fe77af71d030d7e2dcd5553b35c9afcdd8",
    "https://deno.land/x/fun@v.2.0.0-alpha.11/map.ts": "fdb59ff3325ec0c6efc529d3cc021cd96dc66f0a87c1f00e00f5bfc6eda48d4d",
    "https://deno.land/x/fun@v.2.0.0-alpha.11/mod.ts": "b0b7761c4e34be8f58621cc0c3ec222a9e4687659bde988a7300b08b5713dc37",
    "https://deno.land/x/fun@v.2.0.0-alpha.11/monad.ts": "a8e1f0af8c901b2706cd8f40f73881ac85cb74dc9a72ebe9be9b81d76383fa13",
    "https://deno.land/x/fun@v.2.0.0-alpha.11/monoid.ts": "0d0395fef0649dea804e0996beeebdc903d57bb09685cb6102e0d27b2984b0c9",
    "https://deno.land/x/fun@v.2.0.0-alpha.11/newtype.ts": "996ab4977a0a9a09cca45b6981f0181660872e85706a5ba5f627376e6b4106cb",
    "https://deno.land/x/fun@v.2.0.0-alpha.11/nilable.ts": "9dc4d551a4c78bc5f484b5027e3ce5845adb0e4b99b5a6d509beebde94acf690",
    "https://deno.land/x/fun@v.2.0.0-alpha.11/number.ts": "da70455c56d423376005a4e3b640317ab3419062852d52376e7eb37a60448430",
    "https://deno.land/x/fun@v.2.0.0-alpha.11/optics.ts": "389bf02e8396a7b47abd8bea2ae8467a1df566a4f617deb6cdf312c035275270",
    "https://deno.land/x/fun@v.2.0.0-alpha.11/option.ts": "2fbba4ebfb3d3ec43cca49e76f2b12ee276ae559eeecc909c50aad13cc9ca8a4",
    "https://deno.land/x/fun@v.2.0.0-alpha.11/ord.ts": "243c06e3af9cbd6874a809521e398671778a2c7d0382c03514efeb316152ab00",
    "https://deno.land/x/fun@v.2.0.0-alpha.11/pair.ts": "aff3a8bf8e31236d06a63e9467140a73feecad195a77d057947b5eaaf65cfa46",
    "https://deno.land/x/fun@v.2.0.0-alpha.11/predicate.ts": "ff87ce788ef9278110e5e5d8e2397d502985418c1628d50c0fabc31a6b09199e",
    "https://deno.land/x/fun@v.2.0.0-alpha.11/profunctor.ts": "41b1a380f484bb4c80d1e68294f83bcc8957b6ae306361145a594feafc97706c",
    "https://deno.land/x/fun@v.2.0.0-alpha.11/promise.ts": "9ba47d56def098d5200d609609afc01867ddf1c2e1ab483d3cfffcd1dc00c9ba",
    "https://deno.land/x/fun@v.2.0.0-alpha.11/record.ts": "adf6ed7a075761e7850e62247a2bb92cababf58fe1cc4c15d53374d9e6d8216a",
    "https://deno.land/x/fun@v.2.0.0-alpha.11/refinement.ts": "f31b64c5ab09ed15a1f06ec9bf0abc874aab05e67c64a2e5b5dbe2c3def456ee",
    "https://deno.land/x/fun@v.2.0.0-alpha.11/schemable.ts": "fd8e44ca6c2a6905ba9fd6ad9032a88028788f5a43ae97780a3cb050b0301fec",
    "https://deno.land/x/fun@v.2.0.0-alpha.11/semigroup.ts": "49d1fb0d5c46c0c57ce0e138b4e8ce8da7da2f0c298f467338772d34b5554ef1",
    "https://deno.land/x/fun@v.2.0.0-alpha.11/semigroupoid.ts": "c60020ed61cb4260c94030ee3a2e9c64c7993bdb75f3e25e14a5d9c1abe89042",
    "https://deno.land/x/fun@v.2.0.0-alpha.11/set.ts": "8571eb7f2cbe0d103477ac69275e39940e54e3abec609236dfc37e74008e00f4",
    "https://deno.land/x/fun@v.2.0.0-alpha.11/show.ts": "a14a323dab7981f1b1a59d9a6f6181ec9cb8ad3a71ae9f9bea8ae429145f6886",
    "https://deno.land/x/fun@v.2.0.0-alpha.11/state.ts": "041fa17034ee7980880c5b7698a70716a5d039a5341f767a1854b39f3f502cb0",
    "https://deno.land/x/fun@v.2.0.0-alpha.11/string.ts": "224a89286a62735e5206308282416acdf3b82757a482f3bd82db915465d22a49",
    "https://deno.land/x/fun@v.2.0.0-alpha.11/sync.ts": "2c5fd81517fcb329227a3620b7932a527730e2d7da12193a70a29df41edb857e",
    "https://deno.land/x/fun@v.2.0.0-alpha.11/sync_either.ts": "e6b20e9db96ab4b455924a2d2a99ec7c3bbd784bc7186627a63cc4b527e14527",
    "https://deno.land/x/fun@v.2.0.0-alpha.11/these.ts": "a9b38f21eb8f13e710f57499623fed16c9518d92723798fae5927dbd79da8cd6",
    "https://deno.land/x/fun@v.2.0.0-alpha.11/traversable.ts": "932fa7238440ca1efbca4ff7ed8df1126c126018838c355a055edae60898e337",
    "https://deno.land/x/fun@v.2.0.0-alpha.11/tree.ts": "e12bd3f2eb4e65596826cad5e0445949bd602e26c58020e3769625ffc1c24b8c",
    "https://deno.land/x/hono@v3.2.4/client/client.ts": "7a819af2aa9aabc746add4d01715fa37f83676fdf1b63fba1bbcd655b2d066a5",
    "https://deno.land/x/hono@v3.2.4/client/index.ts": "3ff4cf246f3543f827a85a2c84d66a025ac350ee927613629bda47e854bfb7ba",
    "https://deno.land/x/hono@v3.2.4/client/types.ts": "3b7b789e55ad01d67db0c2638054f2aa72fcc39fc2ef9fceaf902f854ce19381",
    "https://deno.land/x/hono@v3.2.4/client/utils.ts": "9f9825a3f96e0e332fa91f4cd1cfffe2ef9da796c58904941c8405e3f18bda07",
    "https://deno.land/x/hono@v3.2.4/compose.ts": "e55ed7be2134f363ff3c8e8e2f520ff682c6a11a47d7189100ed69704ce10b9e",
    "https://deno.land/x/hono@v3.2.4/context.ts": "363b6b18e052f985f41ac612e982382e3a18e4c6c16faffbbd377f2753d0ffd7",
    "https://deno.land/x/hono@v3.2.4/hono-base.ts": "d7372c75e41852e557c7d6e2da52a1f2f58c0bae5a53c964bbc22ae4f7cca5a6",
    "https://deno.land/x/hono@v3.2.4/hono.ts": "c185fae30dc3aa9966b0f3e8599f81314ba5e8621b907d27cffb77414a1c0908",
    "https://deno.land/x/hono@v3.2.4/http-exception.ts": "be4736556518a6c923ed99573eea823d7b14e7f37dcca7d38015896426c1928a",
    "https://deno.land/x/hono@v3.2.4/mod.ts": "ec8ad69c08e40bee63cac3d9e3df5fd062e9f4692a81cecf43a51feb3421625e",
    "https://deno.land/x/hono@v3.2.4/request.ts": "c7b156bb5c16a9eaf59314836734e3b4f879dc5a53e0b0085660a711898ce319",
    "https://deno.land/x/hono@v3.2.4/router.ts": "d03e2a9e862c898e8555b451ba80c65b1f39d487230815229e1f046dbd8546cb",
    "https://deno.land/x/hono@v3.2.4/router/linear-router/index.ts": "8a2a7144c50b1f4a92d9ee99c2c396716af144c868e10608255f969695efccd0",
    "https://deno.land/x/hono@v3.2.4/router/linear-router/router.ts": "90d4afc052b72f53dafbcf97fd32f24299b985f8a35dbdc70b28048201b3dcbc",
    "https://deno.land/x/hono@v3.2.4/router/pattern-router/index.ts": "304a66c50e243872037ed41c7dd79ed0c89d815e17e172e7ad7cdc4bc07d3383",
    "https://deno.land/x/hono@v3.2.4/router/pattern-router/router.ts": "38ffe40056f3aa7ecf441711d82af2d0357aae6c2fd168f534427579e89439f4",
    "https://deno.land/x/hono@v3.2.4/router/reg-exp-router/index.ts": "52755829213941756159b7a963097bafde5cc4fc22b13b1c7c9184dc0512d1db",
    "https://deno.land/x/hono@v3.2.4/router/reg-exp-router/node.ts": "8006b5bccb83d9fc98e0562a5545f6dd0be639ce445b089a6171c9c617aa8693",
    "https://deno.land/x/hono@v3.2.4/router/reg-exp-router/router.ts": "aeddd88e16a7ec3cf088a13ee952cfcb3319f97559767253e1a600f72fc70f27",
    "https://deno.land/x/hono@v3.2.4/router/reg-exp-router/trie.ts": "567493b301c44174f0895aedb8d055bbecf88f8a25626fa8ca61333bbd0c882c",
    "https://deno.land/x/hono@v3.2.4/router/smart-router/index.ts": "74f9b4fe15ea535900f2b9b048581915f12fe94e531dd2b0032f5610e61c3bef",
    "https://deno.land/x/hono@v3.2.4/router/smart-router/router.ts": "38209165dadea4182b42807a0a6c84a9258532a07ebf87262dc2b5b09d25a2a2",
    "https://deno.land/x/hono@v3.2.4/router/trie-router/index.ts": "3eb75e7f71ba81801631b30de6b1f5cefb2c7239c03797e2b2cbab5085911b41",
    "https://deno.land/x/hono@v3.2.4/router/trie-router/node.ts": "3e27c0ff9b1d677c4ab1fbf0895e81c8e3ba277c6c2ccbc68a98185b32040c95",
    "https://deno.land/x/hono@v3.2.4/router/trie-router/router.ts": "ad0b3fdabc33abd11a9f5819734aec743602a743cfc9f90ddad73787cd5e7727",
    "https://deno.land/x/hono@v3.2.4/types.ts": "511c0c903786dd529b5979caf3bf2f2a48c18925203d819f343a6c49116aae51",
    "https://deno.land/x/hono@v3.2.4/utils/body.ts": "b6b5ed679122968a74845df4c5454c677f09adc4f3466d822f3b1397884e540e",
    "https://deno.land/x/hono@v3.2.4/utils/cookie.ts": "4d57e055922f7e47fb1d45927aadbef04ae6aa433ccdd1a81450a54c3a4179d4",
    "https://deno.land/x/hono@v3.2.4/utils/http-status.ts": "e0c4343ea7717c314dc600131e16b636c29d61cfdaf9df93b267258d1729d1a0",
    "https://deno.land/x/hono@v3.2.4/utils/types.ts": "64fe2bf6526c682024bc5d0cd59d01a32f12bb9b80dca58d1cfc4e70231ef696",
    "https://deno.land/x/hono@v3.2.4/utils/url.ts": "40a4192da0a655a124c95063e0ab3924432805fcf45a3ffc8e4458029d609bbc",
    "https://deno.land/x/hono@v3.2.4/validator/index.ts": "6c986e8b91dcf857ecc8164a506ae8eea8665792a4ff7215471df669c632ae7c",
    "https://deno.land/x/hono@v3.2.4/validator/validator.ts": "e52183ddf8cefc3cfe2788802fe6ce766df8ac904df485107b01cbcca167dbad",
    "https://deno.land/x/zod@v3.16.1/ZodError.ts": "6e56e6416bbbad3539b577b7636dc198e5d87cf59f1ceb4e7b58d1d38190c2f7",
    "https://deno.land/x/zod@v3.16.1/external.ts": "433e13ff774fef22d416027308db33cacb719774898372ec5faa32bb572f11dc",
    "https://deno.land/x/zod@v3.16.1/helpers/errorUtil.ts": "7a77328240be7b847af6de9189963bd9f79cab32bbc61502a9db4fe6683e2ea7",
    "https://deno.land/x/zod@v3.16.1/helpers/parseUtil.ts": "2611b41b579f551fcf0799415f9793709637bc7c7778bf53aab73cea92e859db",
    "https://deno.land/x/zod@v3.16.1/helpers/partialUtil.ts": "8dc921a02b47384cf52217c7e539268daf619f89319b75bdf13ea178815725df",
    "https://deno.land/x/zod@v3.16.1/helpers/typeAliases.ts": "a1a8d039eb98925f242f5ea1e21e6d3cabd7f05e9747680165c914695c979b4f",
    "https://deno.land/x/zod@v3.16.1/helpers/util.ts": "1d28cc4dfde641f20d8544a1a747cf745d5eda0c5cdeaca8a29837991254a67d",
    "https://deno.land/x/zod@v3.16.1/index.ts": "035a7422d9f2be54daa0fe464254b69225b443000673e4794095d672471e8792",
    "https://deno.land/x/zod@v3.16.1/mod.ts": "64e55237cb4410e17d968cd08975566059f27638ebb0b86048031b987ba251c4",
    "https://deno.land/x/zod@v3.16.1/types.ts": "fff4c7909b1919989c4cc1abe6218dfbdb53e197cacb2dfad2831dbd71dc56d2"
  }
}
